
Microsoft Visual Studio Solution File, Format Version 12.00
# Visual Studio Express 2013 for Web
VisualStudioVersion = 12.0.21005.1
MinimumVisualStudioVersion = 10.0.40219.1
Project("{FAE04EC0-301F-11D3-BF4B-00C04F79EFBC}") = "API Example", "API Example\API Example.csproj", "{94A6E38F-1585-4485-A7B7-6BFE89E03252}"
EndProject
Global
	GlobalSection(SolutionConfigurationPlatforms) = preSolution
		Debug|Any CPU = Debug|Any CPU
		Release|Any CPU = Release|Any CPU
	EndGlobalSection
	GlobalSection(ProjectConfigurationPlatforms) = postSolution
		{94A6E38F-1585-4485-A7B7-6BFE89E03252}.Debug|Any CPU.ActiveCfg = Debug|Any CPU
		{94A6E38F-1585-4485-A7B7-6BFE89E03252}.Debug|Any CPU.Build.0 = Debug|Any CPU
		{94A6E38F-1585-4485-A7B7-6BFE89E03252}.Release|Any CPU.ActiveCfg = Release|Any CPU
		{94A6E38F-1585-4485-A7B7-6BFE89E03252}.Release|Any CPU.Build.0 = Release|Any CPU
	EndGlobalSection
	GlobalSection(SolutionProperties) = preSolution
		HideSolutionNode = FALSE
	EndGlobalSection
EndGlobal
